// !$*UTF8*$!
{
	archiveVersion = 1;
	classes = {
	};
	objectVersion = 77;
	objects = {

/* Begin PBXBuildFile section */
		74100D572FAB9EED00CFBC47 /* ConvexMobile in Frameworks */ = {isa = PBXBuildFile; productRef = 74100D562FAB9EED00CFBC47 /* ConvexMobile */; };
		8A10E0012FB0000000000001 /* MasjidlyWidgets.appex in Embed Foundation Extensions */ = {isa = PBXBuildFile; fileRef = 8A10E0022FB0000000000001 /* MasjidlyWidgets.appex */; settings = {ATTRIBUTES = (RemoveHeadersOnCopy, ); }; };
/* End PBXBuildFile section */

/* Begin PBXContainerItemProxy section */
		74100D392FAB9EED00CFBC47 /* PBXContainerItemProxy */ = {
			isa = PBXContainerItemProxy;
			containerPortal = 74100D212FAB9EEA00CFBC47 /* Project object */;
			proxyType = 1;
			remoteGlobalIDString = 74100D282FAB9EEA00CFBC47;
			remoteInfo = "Masjidly - Official Masjid Prayer Times";
		};
		74100D432FAB9EED00CFBC47 /* PBXContainerItemProxy */ = {
			isa = PBXContainerItemProxy;
			containerPortal = 74100D212FAB9EEA00CFBC47 /* Project object */;
			proxyType = 1;
			remoteGlobalIDString = 74100D282FAB9EEA00CFBC47;
			remoteInfo = "Masjidly - Official Masjid Prayer Times";
		};
		8A10E0032FB0000000000001 /* PBXContainerItemProxy */ = {
			isa = PBXContainerItemProxy;
			containerPortal = 74100D212FAB9EEA00CFBC47 /* Project object */;
			proxyType = 1;
			remoteGlobalIDString = 8A10E0042FB0000000000001;
			remoteInfo = MasjidlyWidgets;
		};
/* End PBXContainerItemProxy section */

/* Begin PBXCopyFilesBuildPhase section */
		8A10E0052FB0000000000001 /* Embed Foundation Extensions */ = {
			isa = PBXCopyFilesBuildPhase;
			buildActionMask = 2147483647;
			dstPath = "";
			dstSubfolderSpec = 13;
			files = (
				8A10E0012FB0000000000001 /* MasjidlyWidgets.appex in Embed Foundation Extensions */,
			);
			name = "Embed Foundation Extensions";
			runOnlyForDeploymentPostprocessing = 0;
		};
/* End PBXCopyFilesBuildPhase section */

/* Begin PBXFileReference section */
		74100D292FAB9EEA00CFBC47 /* Masjidly - Official Masjid Prayer Times.app */ = {isa = PBXFileReference; explicitFileType = wrapper.application; includeInIndex = 0; path = "Masjidly - Official Masjid Prayer Times.app"; sourceTree = BUILT_PRODUCTS_DIR; };
		74100D382FAB9EED00CFBC47 /* Masjidly - Official Masjid Prayer TimesTests.xctest */ = {isa = PBXFileReference; explicitFileType = wrapper.cfbundle; includeInIndex = 0; path = "Masjidly - Official Masjid Prayer TimesTests.xctest"; sourceTree = BUILT_PRODUCTS_DIR; };
		74100D422FAB9EED00CFBC47 /* Masjidly - Official Masjid Prayer TimesUITests.xctest */ = {isa = PBXFileReference; explicitFileType = wrapper.cfbundle; includeInIndex = 0; path = "Masjidly - Official Masjid Prayer TimesUITests.xctest"; sourceTree = BUILT_PRODUCTS_DIR; };
		8A10E0022FB0000000000001 /* MasjidlyWidgets.appex */ = {isa = PBXFileReference; explicitFileType = "wrapper.app-extension"; includeInIndex = 0; path = MasjidlyWidgets.appex; sourceTree = BUILT_PRODUCTS_DIR; };
/* End PBXFileReference section */

/* Begin PBXFileSystemSynchronizedRootGroup section */
		74100D2B2FAB9EEA00CFBC47 /* Masjidly - Official Masjid Prayer Times */ = {
			isa = PBXFileSystemSynchronizedRootGroup;
			path = "Masjidly - Official Masjid Prayer Times";
			sourceTree = "<group>";
		};
		74100D3B2FAB9EED00CFBC47 /* Masjidly - Official Masjid Prayer TimesTests */ = {
			isa = PBXFileSystemSynchronizedRootGroup;
			path = "Masjidly - Official Masjid Prayer TimesTests";
			sourceTree = "<group>";
		};
		74100D452FAB9EED00CFBC47 /* Masjidly - Official Masjid Prayer TimesUITests */ = {
			isa = PBXFileSystemSynchronizedRootGroup;
			path = "Masjidly - Official Masjid Prayer TimesUITests";
			sourceTree = "<group>";
		};
		8A10E0062FB0000000000001 /* MasjidlyWidgets */ = {
			isa = PBXFileSystemSynchronizedRootGroup;
			path = MasjidlyWidgets;
			sourceTree = "<group>";
		};
/* End PBXFileSystemSynchronizedRootGroup section */

/* Begin PBXFrameworksBuildPhase section */
		74100D262FAB9EEA00CFBC47 /* Frameworks */ = {
			isa = PBXFrameworksBuildPhase;
			buildActionMask = 2147483647;
			files = (
				74100D572FAB9EED00CFBC47 /* ConvexMobile in Frameworks */,
			);
			runOnlyForDeploymentPostprocessing = 0;
		};
		74100D352FAB9EED00CFBC47 /* Frameworks */ = {
			isa = PBXFrameworksBuildPhase;
			buildActionMask = 2147483647;
			files = (
			);
			runOnlyForDeploymentPostprocessing = 0;
		};
		74100D3F2FAB9EED00CFBC47 /* Frameworks */ = {
			isa = PBXFrameworksBuildPhase;
			buildActionMask = 2147483647;
			files = (
			);
			runOnlyForDeploymentPostprocessing = 0;
		};
		8A10E0072FB0000000000001 /* Frameworks */ = {
			isa = PBXFrameworksBuildPhase;
			buildActionMask = 2147483647;
			files = (
			);
			runOnlyForDeploymentPostprocessing = 0;
		};
/* End PBXFrameworksBuildPhase section */

/* Begin PBXGroup section */
		74100D202FAB9EEA00CFBC47 = {
			isa = PBXGroup;
			children = (
				74100D2B2FAB9EEA00CFBC47 /* Masjidly - Official Masjid Prayer Times */,
				74100D3B2FAB9EED00CFBC47 /* Masjidly - Official Masjid Prayer TimesTests */,
				74100D452FAB9EED00CFBC47 /* Masjidly - Official Masjid Prayer TimesUITests */,
				8A10E0062FB0000000000001 /* MasjidlyWidgets */,
				74100D2A2FAB9EEA00CFBC47 /* Products */,
			);
			sourceTree = "<group>";
		};
		74100D2A2FAB9EEA00CFBC47 /* Products */ = {
			isa = PBXGroup;
			children = (
				74100D292FAB9EEA00CFBC47 /* Masjidly - Official Masjid Prayer Times.app */,
				74100D382FAB9EED00CFBC47 /* Masjidly - Official Masjid Prayer TimesTests.xctest */,
				74100D422FAB9EED00CFBC47 /* Masjidly - Official Masjid Prayer TimesUITests.xctest */,
				8A10E0022FB0000000000001 /* MasjidlyWidgets.appex */,
			);
			name = Products;
			sourceTree = "<group>";
		};
/* End PBXGroup section */

/* Begin PBXNativeTarget section */
		74100D282FAB9EEA00CFBC47 /* Masjidly - Official Masjid Prayer Times */ = {
			isa = PBXNativeTarget;
			buildConfigurationList = 74100D4C2FAB9EED00CFBC47 /* Build configuration list for PBXNativeTarget "Masjidly - Official Masjid Prayer Times" */;
			buildPhases = (
				74100D252FAB9EEA00CFBC47 /* Sources */,
				74100D262FAB9EEA00CFBC47 /* Frameworks */,
				74100D272FAB9EEA00CFBC47 /* Resources */,
				8A10E0052FB0000000000001 /* Embed Foundation Extensions */,
			);
			buildRules = (
			);
			dependencies = (
				8A10E0082FB0000000000001 /* PBXTargetDependency */,
			);
			fileSystemSynchronizedGroups = (
				74100D2B2FAB9EEA00CFBC47 /* Masjidly - Official Masjid Prayer Times */,
			);
			name = "Masjidly - Official Masjid Prayer Times";
			packageProductDependencies = (
				74100D562FAB9EED00CFBC47 /* ConvexMobile */,
			);
			productName = "Masjidly - Official Masjid Prayer Times";
			productReference = 74100D292FAB9EEA00CFBC47 /* Masjidly - Official Masjid Prayer Times.app */;
			productType = "com.apple.product-type.application";
		};
		74100D372FAB9EED00CFBC47 /* Masjidly - Official Masjid Prayer TimesTests */ = {
			isa = PBXNativeTarget;
			buildConfigurationList = 74100D4F2FAB9EED00CFBC47 /* Build configuration list for PBXNativeTarget "Masjidly - Official Masjid Prayer TimesTests" */;
			buildPhases = (
				74100D342FAB9EED00CFBC47 /* Sources */,
				74100D352FAB9EED00CFBC47 /* Frameworks */,
				74100D362FAB9EED00CFBC47 /* Resources */,
			);
			buildRules = (
			);
			dependencies = (
				74100D3A2FAB9EED00CFBC47 /* PBXTargetDependency */,
			);
			fileSystemSynchronizedGroups = (
				74100D3B2FAB9EED00CFBC47 /* Masjidly - Official Masjid Prayer TimesTests */,
			);
			name = "Masjidly - Official Masjid Prayer TimesTests";
			packageProductDependencies = (
			);
			productName = "Masjidly - Official Masjid Prayer TimesTests";
			productReference = 74100D382FAB9EED00CFBC47 /* Masjidly - Official Masjid Prayer TimesTests.xctest */;
			productType = "com.apple.product-type.bundle.unit-test";
		};
		74100D412FAB9EED00CFBC47 /* Masjidly - Official Masjid Prayer TimesUITests */ = {
			isa = PBXNativeTarget;
			buildConfigurationList = 74100D522FAB9EED00CFBC47 /* Build configuration list for PBXNativeTarget "Masjidly - Official Masjid Prayer TimesUITests" */;
			buildPhases = (
				74100D3E2FAB9EED00CFBC47 /* Sources */,
				74100D3F2FAB9EED00CFBC47 /* Frameworks */,
				74100D402FAB9EED00CFBC47 /* Resources */,
			);
			buildRules = (
			);
			dependencies = (
				74100D442FAB9EED00CFBC47 /* PBXTargetDependency */,
			);
			fileSystemSynchronizedGroups = (
				74100D452FAB9EED00CFBC47 /* Masjidly - Official Masjid Prayer TimesUITests */,
			);
			name = "Masjidly - Official Masjid Prayer TimesUITests";
			packageProductDependencies = (
			);
			productName = "Masjidly - Official Masjid Prayer TimesUITests";
			productReference = 74100D422FAB9EED00CFBC47 /* Masjidly - Official Masjid Prayer TimesUITests.xctest */;
			productType = "com.apple.product-type.bundle.ui-testing";
		};
		8A10E0042FB0000000000001 /* MasjidlyWidgets */ = {
			isa = PBXNativeTarget;
			buildConfigurationList = 8A10E0092FB0000000000001 /* Build configuration list for PBXNativeTarget "MasjidlyWidgets" */;
			buildPhases = (
				8A10E00A2FB0000000000001 /* Sources */,
				8A10E0072FB0000000000001 /* Frameworks */,
				8A10E00B2FB0000000000001 /* Resources */,
			);
			buildRules = (
			);
			dependencies = (
			);
			fileSystemSynchronizedGroups = (
				8A10E0062FB0000000000001 /* MasjidlyWidgets */,
			);
			name = MasjidlyWidgets;
			packageProductDependencies = (
			);
			productName = MasjidlyWidgets;
			productReference = 8A10E0022FB0000000000001 /* MasjidlyWidgets.appex */;
			productType = "com.apple.product-type.app-extension";
		};
/* End PBXNativeTarget section */

/* Begin PBXProject section */
		74100D212FAB9EEA00CFBC47 /* Project object */ = {
			isa = PBXProject;
			attributes = {
				BuildIndependentTargetsInParallel = 1;
				LastSwiftUpdateCheck = 2640;
				LastUpgradeCheck = 2650;
				TargetAttributes = {
					74100D282FAB9EEA00CFBC47 = {
						CreatedOnToolsVersion = 26.4.1;
					};
					74100D372FAB9EED00CFBC47 = {
						CreatedOnToolsVersion = 26.4.1;
						TestTargetID = 74100D282FAB9EEA00CFBC47;
					};
					74100D412FAB9EED00CFBC47 = {
						CreatedOnToolsVersion = 26.4.1;
						TestTargetID = 74100D282FAB9EEA00CFBC47;
					};
					8A10E0042FB0000000000001 = {
						CreatedOnToolsVersion = 26.4.1;
					};
				};
			};
			buildConfigurationList = 74100D242FAB9EEA00CFBC47 /* Build configuration list for PBXProject "Masjidly - Official Masjid Prayer Times" */;
			developmentRegion = en;
			hasScannedForEncodings = 0;
			knownRegions = (
				ar,
				Base,
				en,
				ur,
			);
			mainGroup = 74100D202FAB9EEA00CFBC47;
			minimizedProjectReferenceProxies = 1;
			packageReferences = (
				74100D552FAB9EED00CFBC47 /* XCRemoteSwiftPackageReference "convex-swift" */,
			);
			preferredProjectObjectVersion = 77;
			productRefGroup = 74100D2A2FAB9EEA00CFBC47 /* Products */;
			projectDirPath = "";
			projectRoot = "";
			targets = (
				74100D282FAB9EEA00CFBC47 /* Masjidly - Official Masjid Prayer Times */,
				74100D372FAB9EED00CFBC47 /* Masjidly - Official Masjid Prayer TimesTests */,
				74100D412FAB9EED00CFBC47 /* Masjidly - Official Masjid Prayer TimesUITests */,
				8A10E0042FB0000000000001 /* MasjidlyWidgets */,
			);
		};
/* End PBXProject section */

/* Begin PBXResourcesBuildPhase section */
		74100D272FAB9EEA00CFBC47 /* Resources */ = {
			isa = PBXResourcesBuildPhase;
			buildActionMask = 2147483647;
			files = (
			);
			runOnlyForDeploymentPostprocessing = 0;
		};
		74100D362FAB9EED00CFBC47 /* Resources */ = {
			isa = PBXResourcesBuildPhase;
			buildActionMask = 2147483647;
			files = (
			);
			runOnlyForDeploymentPostprocessing = 0;
		};
		74100D402FAB9EED00CFBC47 /* Resources */ = {
			isa = PBXResourcesBuildPhase;
			buildActionMask = 2147483647;
			files = (
			);
			runOnlyForDeploymentPostprocessing = 0;
		};
		8A10E00B2FB0000000000001 /* Resources */ = {
			isa = PBXResourcesBuildPhase;
			buildActionMask = 2147483647;
			files = (
			);
			runOnlyForDeploymentPostprocessing = 0;
		};
/* End PBXResourcesBuildPhase section */

/* Begin PBXSourcesBuildPhase section */
		74100D252FAB9EEA00CFBC47 /* Sources */ = {
			isa = PBXSourcesBuildPhase;
			buildActionMask = 2147483647;
			files = (
			);
			runOnlyForDeploymentPostprocessing = 0;
		};
		74100D342FAB9EED00CFBC47 /* Sources */ = {
			isa = PBXSourcesBuildPhase;
			buildActionMask = 2147483647;
			files = (
			);
			runOnlyForDeploymentPostprocessing = 0;
		};
		74100D3E2FAB9EED00CFBC47 /* Sources */ = {
			isa = PBXSourcesBuildPhase;
			buildActionMask = 2147483647;
			files = (
			);
			runOnlyForDeploymentPostprocessing = 0;
		};
		8A10E00A2FB0000000000001 /* Sources */ = {
			isa = PBXSourcesBuildPhase;
			buildActionMask = 2147483647;
			files = (
			);
			runOnlyForDeploymentPostprocessing = 0;
		};
/* End PBXSourcesBuildPhase section */

/* Begin PBXTargetDependency section */
		74100D3A2FAB9EED00CFBC47 /* PBXTargetDependency */ = {
			isa = PBXTargetDependency;
			target = 74100D282FAB9EEA00CFBC47 /* Masjidly - Official Masjid Prayer Times */;
			targetProxy = 74100D392FAB9EED00CFBC47 /* PBXContainerItemProxy */;
		};
		74100D442FAB9EED00CFBC47 /* PBXTargetDependency */ = {
			isa = PBXTargetDependency;
			target = 74100D282FAB9EEA00CFBC47 /* Masjidly - Official Masjid Prayer Times */;
			targetProxy = 74100D432FAB9EED00CFBC47 /* PBXContainerItemProxy */;
		};
		8A10E0082FB0000000000001 /* PBXTargetDependency */ = {
			isa = PBXTargetDependency;
			target = 8A10E0042FB0000000000001 /* MasjidlyWidgets */;
			targetProxy = 8A10E0032FB0000000000001 /* PBXContainerItemProxy */;
		};
/* End PBXTargetDependency section */

/* Begin XCBuildConfiguration section */
		74100D4A2FAB9EED00CFBC47 /* Debug */ = {
			isa = XCBuildConfiguration;
			buildSettings = {
				ALWAYS_SEARCH_USER_PATHS = NO;
				ASSETCATALOG_COMPILER_GENERATE_SWIFT_ASSET_SYMBOL_EXTENSIONS = YES;
				CLANG_ANALYZER_LOCALIZABILITY_NONLOCALIZED = YES;
				CLANG_ANALYZER_NONNULL = YES;
				CLANG_ANALYZER_NUMBER_OBJECT_CONVERSION = YES_AGGRESSIVE;
				CLANG_CXX_LANGUAGE_STANDARD = "gnu++20";
				CLANG_ENABLE_MODULES = YES;
				CLANG_ENABLE_OBJC_ARC = YES;
				CLANG_ENABLE_OBJC_WEAK = YES;
				CLANG_WARN_BLOCK_CAPTURE_AUTORELEASING = YES;
				CLANG_WARN_BOOL_CONVERSION = YES;
				CLANG_WARN_COMMA = YES;
				CLANG_WARN_CONSTANT_CONVERSION = YES;
				CLANG_WARN_DEPRECATED_OBJC_IMPLEMENTATIONS = YES;
				CLANG_WARN_DIRECT_OBJC_ISA_USAGE = YES_ERROR;
				CLANG_WARN_DOCUMENTATION_COMMENTS = YES;
				CLANG_WARN_EMPTY_BODY = YES;
				CLANG_WARN_ENUM_CONVERSION = YES;
				CLANG_WARN_INFINITE_RECURSION = YES;
				CLANG_WARN_INT_CONVERSION = YES;
				CLANG_WARN_NON_LITERAL_NULL_CONVERSION = YES;
				CLANG_WARN_OBJC_IMPLICIT_RETAIN_SELF = YES;
				CLANG_WARN_OBJC_LITERAL_CONVERSION = YES;
				CLANG_WARN_OBJC_ROOT_CLASS = YES_ERROR;
				CLANG_WARN_QUOTED_INCLUDE_IN_FRAMEWORK_HEADER = YES;
				CLANG_WARN_RANGE_LOOP_ANALYSIS = YES;
				CLANG_WARN_STRICT_PROTOTYPES = YES;
				CLANG_WARN_SUSPICIOUS_MOVE = YES;
				CLANG_WARN_UNGUARDED_AVAILABILITY = YES_AGGRESSIVE;
				CLANG_WARN_UNREACHABLE_CODE = YES;
				CLANG_WARN__DUPLICATE_METHOD_MATCH = YES;
				COPY_PHASE_STRIP = NO;
				DEBUG_INFORMATION_FORMAT = dwarf;
				DEVELOPMENT_TEAM = WH4MT5Z44S;
				ENABLE_STRICT_OBJC_MSGSEND = YES;
				ENABLE_TESTABILITY = YES;
				ENABLE_USER_SCRIPT_SANDBOXING = YES;
				GCC_C_LANGUAGE_STANDARD = gnu17;
				GCC_DYNAMIC_NO_PIC = NO;
				GCC_NO_COMMON_BLOCKS = YES;
				GCC_OPTIMIZATION_LEVEL = 0;
				GCC_PREPROCESSOR_DEFINITIONS = (
					"DEBUG=1",
					"$(inherited)",
				);
				GCC_WARN_64_TO_32_BIT_CONVERSION = YES;
				GCC_WARN_ABOUT_RETURN_TYPE = YES_ERROR;
				GCC_WARN_UNDECLARED_SELECTOR = YES;
				GCC_WARN_UNINITIALIZED_AUTOS = YES_AGGRESSIVE;
				GCC_WARN_UNUSED_FUNCTION = YES;
				GCC_WARN_UNUSED_VARIABLE = YES;
				IPHONEOS_DEPLOYMENT_TARGET = 17.0;
				LOCALIZATION_PREFERS_STRING_CATALOGS = YES;
				MTL_ENABLE_DEBUG_INFO = INCLUDE_SOURCE;
				MTL_FAST_MATH = YES;
				ONLY_ACTIVE_ARCH = YES;
				SDKROOT = iphoneos;
				STRING_CATALOG_GENERATE_SYMBOLS = YES;
				SWIFT_ACTIVE_COMPILATION_CONDITIONS = "DEBUG $(inherited)";
				SWIFT_OPTIMIZATION_LEVEL = "-Onone";
			};
			name = Debug;
		};
		74100D4B2FAB9EED00CFBC47 /* Release */ = {
			isa = XCBuildConfiguration;
			buildSettings = {
				ALWAYS_SEARCH_USER_PATHS = NO;
				ASSETCATALOG_COMPILER_GENERATE_SWIFT_ASSET_SYMBOL_EXTENSIONS = YES;
				CLANG_ANALYZER_LOCALIZABILITY_NONLOCALIZED = YES;
				CLANG_ANALYZER_NONNULL = YES;
				CLANG_ANALYZER_NUMBER_OBJECT_CONVERSION = YES_AGGRESSIVE;
				CLANG_CXX_LANGUAGE_STANDARD = "gnu++20";
				CLANG_ENABLE_MODULES = YES;
				CLANG_ENABLE_OBJC_ARC = YES;
				CLANG_ENABLE_OBJC_WEAK = YES;
				CLANG_WARN_BLOCK_CAPTURE_AUTORELEASING = YES;
				CLANG_WARN_BOOL_CONVERSION = YES;
				CLANG_WARN_COMMA = YES;
				CLANG_WARN_CONSTANT_CONVERSION = YES;
				CLANG_WARN_DEPRECATED_OBJC_IMPLEMENTATIONS = YES;
				CLANG_WARN_DIRECT_OBJC_ISA_USAGE = YES_ERROR;
				CLANG_WARN_DOCUMENTATION_COMMENTS = YES;
				CLANG_WARN_EMPTY_BODY = YES;
				CLANG_WARN_ENUM_CONVERSION = YES;
				CLANG_WARN_INFINITE_RECURSION = YES;
				CLANG_WARN_INT_CONVERSION = YES;
				CLANG_WARN_NON_LITERAL_NULL_CONVERSION = YES;
				CLANG_WARN_OBJC_IMPLICIT_RETAIN_SELF = YES;
				CLANG_WARN_OBJC_LITERAL_CONVERSION = YES;
				CLANG_WARN_OBJC_ROOT_CLASS = YES_ERROR;
				CLANG_WARN_QUOTED_INCLUDE_IN_FRAMEWORK_HEADER = YES;
				CLANG_WARN_RANGE_LOOP_ANALYSIS = YES;
				CLANG_WARN_STRICT_PROTOTYPES = YES;
				CLANG_WARN_SUSPICIOUS_MOVE = YES;
				CLANG_WARN_UNGUARDED_AVAILABILITY = YES_AGGRESSIVE;
				CLANG_WARN_UNREACHABLE_CODE = YES;
				CLANG_WARN__DUPLICATE_METHOD_MATCH = YES;
				COPY_PHASE_STRIP = NO;
				DEBUG_INFORMATION_FORMAT = "dwarf-with-dsym";
				DEVELOPMENT_TEAM = WH4MT5Z44S;
				ENABLE_NS_ASSERTIONS = NO;
				ENABLE_STRICT_OBJC_MSGSEND = YES;
				ENABLE_USER_SCRIPT_SANDBOXING = YES;
				GCC_C_LANGUAGE_STANDARD = gnu17;
				GCC_NO_COMMON_BLOCKS = YES;
				GCC_WARN_64_TO_32_BIT_CONVERSION = YES;
				GCC_WARN_ABOUT_RETURN_TYPE = YES_ERROR;
				GCC_WARN_UNDECLARED_SELECTOR = YES;
				GCC_WARN_UNINITIALIZED_AUTOS = YES_AGGRESSIVE;
				GCC_WARN_UNUSED_FUNCTION = YES;
				GCC_WARN_UNUSED_VARIABLE = YES;
				IPHONEOS_DEPLOYMENT_TARGET = 17.0;
				LOCALIZATION_PREFERS_STRING_CATALOGS = YES;
				MTL_ENABLE_DEBUG_INFO = NO;
				MTL_FAST_MATH = YES;
				SDKROOT = iphoneos;
				STRING_CATALOG_GENERATE_SYMBOLS = YES;
				SWIFT_COMPILATION_MODE = wholemodule;
				VALIDATE_PRODUCT = YES;
			};
			name = Release;
		};
		74100D4D2FAB9EED00CFBC47 /* Debug */ = {
			isa = XCBuildConfiguration;
			buildSettings = {
				ASSETCATALOG_COMPILER_APPICON_NAME = AppIcon;
				ASSETCATALOG_COMPILER_GLOBAL_ACCENT_COLOR_NAME = AccentColor;
				CODE_SIGN_ENTITLEMENTS = "Masjidly - Official Masjid Prayer Times/Masjidly.entitlements";
				CODE_SIGN_STYLE = Automatic;
				CURRENT_PROJECT_VERSION = 1;
				DEVELOPMENT_TEAM = WH4MT5Z44S;
				ENABLE_PREVIEWS = YES;
				"EXCLUDED_ARCHS[sdk=iphonesimulator*]" = x86_64;
				GENERATE_INFOPLIST_FILE = YES;
				INFOPLIST_KEY_CFBundleDisplayName = Masjidly;
				INFOPLIST_KEY_ITSAppUsesNonExemptEncryption = NO;
				INFOPLIST_KEY_LSApplicationCategoryType = "public.app-category.reference";
				INFOPLIST_KEY_NSLocationWhenInUseUsageDescription = "Use your current location and device heading to point the Qibla indicator toward Makkah.";
				INFOPLIST_KEY_NSUserNotificationsUsageDescription = "Schedule local reminders for upcoming prayer and iqamah times for your selected mosque.";
				INFOPLIST_KEY_UIApplicationSceneManifest_Generation = YES;
				INFOPLIST_KEY_UIApplicationSupportsIndirectInputEvents = YES;
				INFOPLIST_KEY_UIBackgroundModes = audio;
				INFOPLIST_KEY_UILaunchScreen_Generation = YES;
				INFOPLIST_KEY_UISupportedInterfaceOrientations_iPad = "UIInterfaceOrientationPortrait UIInterfaceOrientationPortraitUpsideDown UIInterfaceOrientationLandscapeLeft UIInterfaceOrientationLandscapeRight";
				INFOPLIST_KEY_UISupportedInterfaceOrientations_iPhone = "UIInterfaceOrientationPortrait UIInterfaceOrientationLandscapeLeft UIInterfaceOrientationLandscapeRight";
				IPHONEOS_DEPLOYMENT_TARGET = 17.0;
				LD_RUNPATH_SEARCH_PATHS = (
					"$(inherited)",
					"@executable_path/Frameworks",
				);
				MARKETING_VERSION = 1.2.1;
				PRODUCT_BUNDLE_IDENTIFIER = "mikhailspeaks.Masjidly---Official-Masjid-Prayer-Times";
				PRODUCT_MODULE_NAME = Masjidly;
				PRODUCT_NAME = "$(TARGET_NAME)";
				STRING_CATALOG_GENERATE_SYMBOLS = YES;
				SWIFT_APPROACHABLE_CONCURRENCY = YES;
				SWIFT_DEFAULT_ACTOR_ISOLATION = MainActor;
				SWIFT_EMIT_LOC_STRINGS = YES;
				SWIFT_UPCOMING_FEATURE_MEMBER_IMPORT_VISIBILITY = YES;
				SWIFT_VERSION = 5.0;
				TARGETED_DEVICE_FAMILY = "1,2";
			};
			name = Debug;
		};
		74100D4E2FAB9EED00CFBC47 /* Release */ = {
			isa = XCBuildConfiguration;
			buildSettings = {
				ASSETCATALOG_COMPILER_APPICON_NAME = AppIcon;
				ASSETCATALOG_COMPILER_GLOBAL_ACCENT_COLOR_NAME = AccentColor;
				CODE_SIGN_ENTITLEMENTS = "Masjidly - Official Masjid Prayer Times/Masjidly.entitlements";
				CODE_SIGN_STYLE = Automatic;
				CURRENT_PROJECT_VERSION = 1;
				DEVELOPMENT_TEAM = WH4MT5Z44S;
				ENABLE_PREVIEWS = YES;
				"EXCLUDED_ARCHS[sdk=iphonesimulator*]" = x86_64;
				GENERATE_INFOPLIST_FILE = YES;
				INFOPLIST_KEY_CFBundleDisplayName = Masjidly;
				INFOPLIST_KEY_ITSAppUsesNonExemptEncryption = NO;
				INFOPLIST_KEY_LSApplicationCategoryType = "public.app-category.reference";
				INFOPLIST_KEY_NSLocationWhenInUseUsageDescription = "Use your current location and device heading to point the Qibla indicator toward Makkah.";
				INFOPLIST_KEY_NSUserNotificationsUsageDescription = "Schedule local reminders for upcoming prayer and iqamah times for your selected mosque.";
				INFOPLIST_KEY_UIApplicationSceneManifest_Generation = YES;
				INFOPLIST_KEY_UIApplicationSupportsIndirectInputEvents = YES;
				INFOPLIST_KEY_UIBackgroundModes = audio;
				INFOPLIST_KEY_UILaunchScreen_Generation = YES;
				INFOPLIST_KEY_UISupportedInterfaceOrientations_iPad = "UIInterfaceOrientationPortrait UIInterfaceOrientationPortraitUpsideDown UIInterfaceOrientationLandscapeLeft UIInterfaceOrientationLandscapeRight";
				INFOPLIST_KEY_UISupportedInterfaceOrientations_iPhone = "UIInterfaceOrientationPortrait UIInterfaceOrientationLandscapeLeft UIInterfaceOrientationLandscapeRight";
				IPHONEOS_DEPLOYMENT_TARGET = 17.0;
				LD_RUNPATH_SEARCH_PATHS = (
					"$(inherited)",
					"@executable_path/Frameworks",
				);
				MARKETING_VERSION = 1.2.1;
				PRODUCT_BUNDLE_IDENTIFIER = "mikhailspeaks.Masjidly---Official-Masjid-Prayer-Times";
				PRODUCT_MODULE_NAME = Masjidly;
				PRODUCT_NAME = "$(TARGET_NAME)";
				STRING_CATALOG_GENERATE_SYMBOLS = YES;
				SWIFT_APPROACHABLE_CONCURRENCY = YES;
				SWIFT_DEFAULT_ACTOR_ISOLATION = MainActor;
				SWIFT_EMIT_LOC_STRINGS = YES;
				SWIFT_UPCOMING_FEATURE_MEMBER_IMPORT_VISIBILITY = YES;
				SWIFT_VERSION = 5.0;
				TARGETED_DEVICE_FAMILY = "1,2";
			};
			name = Release;
		};
		74100D502FAB9EED00CFBC47 /* Debug */ = {
			isa = XCBuildConfiguration;
			buildSettings = {
				BUNDLE_LOADER = "$(TEST_HOST)";
				CODE_SIGN_STYLE = Automatic;
				CURRENT_PROJECT_VERSION = 1;
				DEVELOPMENT_TEAM = WH4MT5Z44S;
				"EXCLUDED_ARCHS[sdk=iphonesimulator*]" = x86_64;
				GENERATE_INFOPLIST_FILE = YES;
				IPHONEOS_DEPLOYMENT_TARGET = 17.0;
				MARKETING_VERSION = 1.0;
				PRODUCT_BUNDLE_IDENTIFIER = "mikhailspeaks.Masjidly---Official-Masjid-Prayer-TimesTests";
				PRODUCT_NAME = "$(TARGET_NAME)";
				STRING_CATALOG_GENERATE_SYMBOLS = NO;
				SWIFT_APPROACHABLE_CONCURRENCY = YES;
				SWIFT_EMIT_LOC_STRINGS = NO;
				SWIFT_UPCOMING_FEATURE_MEMBER_IMPORT_VISIBILITY = YES;
				SWIFT_VERSION = 5.0;
				TARGETED_DEVICE_FAMILY = "1,2";
				TEST_HOST = "$(BUILT_PRODUCTS_DIR)/Masjidly - Official Masjid Prayer Times.app/$(BUNDLE_EXECUTABLE_FOLDER_PATH)/Masjidly - Official Masjid Prayer Times";
			};
			name = Debug;
		};
		74100D512FAB9EED00CFBC47 /* Release */ = {
			isa = XCBuildConfiguration;
			buildSettings = {
				BUNDLE_LOADER = "$(TEST_HOST)";
				CODE_SIGN_STYLE = Automatic;
				CURRENT_PROJECT_VERSION = 1;
				DEVELOPMENT_TEAM = WH4MT5Z44S;
				"EXCLUDED_ARCHS[sdk=iphonesimulator*]" = x86_64;
				GENERATE_INFOPLIST_FILE = YES;
				IPHONEOS_DEPLOYMENT_TARGET = 17.0;
				MARKETING_VERSION = 1.0;
				PRODUCT_BUNDLE_IDENTIFIER = "mikhailspeaks.Masjidly---Official-Masjid-Prayer-TimesTests";
				PRODUCT_NAME = "$(TARGET_NAME)";
				STRING_CATALOG_GENERATE_SYMBOLS = NO;
				SWIFT_APPROACHABLE_CONCURRENCY = YES;
				SWIFT_EMIT_LOC_STRINGS = NO;
				SWIFT_UPCOMING_FEATURE_MEMBER_IMPORT_VISIBILITY = YES;
				SWIFT_VERSION = 5.0;
				TARGETED_DEVICE_FAMILY = "1,2";
				TEST_HOST = "$(BUILT_PRODUCTS_DIR)/Masjidly - Official Masjid Prayer Times.app/$(BUNDLE_EXECUTABLE_FOLDER_PATH)/Masjidly - Official Masjid Prayer Times";
			};
			name = Release;
		};
		74100D532FAB9EED00CFBC47 /* Debug */ = {
			isa = XCBuildConfiguration;
			buildSettings = {
				CODE_SIGN_STYLE = Automatic;
				CURRENT_PROJECT_VERSION = 1;
				DEVELOPMENT_TEAM = WH4MT5Z44S;
				"EXCLUDED_ARCHS[sdk=iphonesimulator*]" = x86_64;
				GENERATE_INFOPLIST_FILE = YES;
				MARKETING_VERSION = 1.0;
				PRODUCT_BUNDLE_IDENTIFIER = "mikhailspeaks.Masjidly---Official-Masjid-Prayer-TimesUITests";
				PRODUCT_NAME = "$(TARGET_NAME)";
				STRING_CATALOG_GENERATE_SYMBOLS = NO;
				SWIFT_APPROACHABLE_CONCURRENCY = YES;
				SWIFT_EMIT_LOC_STRINGS = NO;
				SWIFT_UPCOMING_FEATURE_MEMBER_IMPORT_VISIBILITY = YES;
				SWIFT_VERSION = 5.0;
				TARGETED_DEVICE_FAMILY = "1,2";
				TEST_TARGET_NAME = "Masjidly - Official Masjid Prayer Times";
			};
			name = Debug;
		};
		74100D542FAB9EED00CFBC47 /* Release */ = {
			isa = XCBuildConfiguration;
			buildSettings = {
				CODE_SIGN_STYLE = Automatic;
				CURRENT_PROJECT_VERSION = 1;
				DEVELOPMENT_TEAM = WH4MT5Z44S;
				"EXCLUDED_ARCHS[sdk=iphonesimulator*]" = x86_64;
				GENERATE_INFOPLIST_FILE = YES;
				MARKETING_VERSION = 1.0;
				PRODUCT_BUNDLE_IDENTIFIER = "mikhailspeaks.Masjidly---Official-Masjid-Prayer-TimesUITests";
				PRODUCT_NAME = "$(TARGET_NAME)";
				STRING_CATALOG_GENERATE_SYMBOLS = NO;
				SWIFT_APPROACHABLE_CONCURRENCY = YES;
				SWIFT_EMIT_LOC_STRINGS = NO;
				SWIFT_UPCOMING_FEATURE_MEMBER_IMPORT_VISIBILITY = YES;
				SWIFT_VERSION = 5.0;
				TARGETED_DEVICE_FAMILY = "1,2";
				TEST_TARGET_NAME = "Masjidly - Official Masjid Prayer Times";
			};
			name = Release;
		};
		8A10E00C2FB0000000000001 /* Debug */ = {
			isa = XCBuildConfiguration;
			buildSettings = {
				APPLICATION_EXTENSION_API_ONLY = YES;
				CODE_SIGN_ENTITLEMENTS = MasjidlyWidgets/MasjidlyWidgets.entitlements;
				CODE_SIGN_STYLE = Automatic;
				CURRENT_PROJECT_VERSION = 2;
				DEVELOPMENT_TEAM = WH4MT5Z44S;
				"EXCLUDED_ARCHS[sdk=iphonesimulator*]" = x86_64;
				GENERATE_INFOPLIST_FILE = NO;
				INFOPLIST_FILE = "MasjidlyWidgetSupport/MasjidlyWidgets-Info.plist";
				IPHONEOS_DEPLOYMENT_TARGET = 17.0;
				LD_RUNPATH_SEARCH_PATHS = (
					"$(inherited)",
					"@executable_path/Frameworks",
					"@executable_path/../../Frameworks",
				);
				MARKETING_VERSION = 1.2;
				PRODUCT_BUNDLE_IDENTIFIER = "mikhailspeaks.Masjidly---Official-Masjid-Prayer-Times.Widgets";
				PRODUCT_NAME = "$(TARGET_NAME)";
				SKIP_INSTALL = YES;
				SWIFT_APPROACHABLE_CONCURRENCY = YES;
				SWIFT_DEFAULT_ACTOR_ISOLATION = MainActor;
				SWIFT_EMIT_LOC_STRINGS = YES;
				SWIFT_UPCOMING_FEATURE_MEMBER_IMPORT_VISIBILITY = YES;
				SWIFT_VERSION = 5.0;
				TARGETED_DEVICE_FAMILY = "1,2";
			};
			name = Debug;
		};
		8A10E00D2FB0000000000001 /* Release */ = {
			isa = XCBuildConfiguration;
			buildSettings = {
				APPLICATION_EXTENSION_API_ONLY = YES;
				CODE_SIGN_ENTITLEMENTS = MasjidlyWidgets/MasjidlyWidgets.entitlements;
				CODE_SIGN_STYLE = Automatic;
				CURRENT_PROJECT_VERSION = 2;
				DEVELOPMENT_TEAM = WH4MT5Z44S;
				"EXCLUDED_ARCHS[sdk=iphonesimulator*]" = x86_64;
				GENERATE_INFOPLIST_FILE = NO;
				INFOPLIST_FILE = "MasjidlyWidgetSupport/MasjidlyWidgets-Info.plist";
				IPHONEOS_DEPLOYMENT_TARGET = 17.0;
				LD_RUNPATH_SEARCH_PATHS = (
					"$(inherited)",
					"@executable_path/Frameworks",
					"@executable_path/../../Frameworks",
				);
				MARKETING_VERSION = 1.2;
				PRODUCT_BUNDLE_IDENTIFIER = "mikhailspeaks.Masjidly---Official-Masjid-Prayer-Times.Widgets";
				PRODUCT_NAME = "$(TARGET_NAME)";
				SKIP_INSTALL = YES;
				SWIFT_APPROACHABLE_CONCURRENCY = YES;
				SWIFT_DEFAULT_ACTOR_ISOLATION = MainActor;
				SWIFT_EMIT_LOC_STRINGS = YES;
				SWIFT_UPCOMING_FEATURE_MEMBER_IMPORT_VISIBILITY = YES;
				SWIFT_VERSION = 5.0;
				TARGETED_DEVICE_FAMILY = "1,2";
			};
			name = Release;
		};
/* End XCBuildConfiguration section */

/* Begin XCConfigurationList section */
		74100D242FAB9EEA00CFBC47 /* Build configuration list for PBXProject "Masjidly - Official Masjid Prayer Times" */ = {
			isa = XCConfigurationList;
			buildConfigurations = (
				74100D4A2FAB9EED00CFBC47 /* Debug */,
				74100D4B2FAB9EED00CFBC47 /* Release */,
			);
			defaultConfigurationIsVisible = 0;
			defaultConfigurationName = Release;
		};
		74100D4C2FAB9EED00CFBC47 /* Build configuration list for PBXNativeTarget "Masjidly - Official Masjid Prayer Times" */ = {
			isa = XCConfigurationList;
			buildConfigurations = (
				74100D4D2FAB9EED00CFBC47 /* Debug */,
				74100D4E2FAB9EED00CFBC47 /* Release */,
			);
			defaultConfigurationIsVisible = 0;
			defaultConfigurationName = Release;
		};
		74100D4F2FAB9EED00CFBC47 /* Build configuration list for PBXNativeTarget "Masjidly - Official Masjid Prayer TimesTests" */ = {
			isa = XCConfigurationList;
			buildConfigurations = (
				74100D502FAB9EED00CFBC47 /* Debug */,
				74100D512FAB9EED00CFBC47 /* Release */,
			);
			defaultConfigurationIsVisible = 0;
			defaultConfigurationName = Release;
		};
		74100D522FAB9EED00CFBC47 /* Build configuration list for PBXNativeTarget "Masjidly - Official Masjid Prayer TimesUITests" */ = {
			isa = XCConfigurationList;
			buildConfigurations = (
				74100D532FAB9EED00CFBC47 /* Debug */,
				74100D542FAB9EED00CFBC47 /* Release */,
			);
			defaultConfigurationIsVisible = 0;
			defaultConfigurationName = Release;
		};
		8A10E0092FB0000000000001 /* Build configuration list for PBXNativeTarget "MasjidlyWidgets" */ = {
			isa = XCConfigurationList;
			buildConfigurations = (
				8A10E00C2FB0000000000001 /* Debug */,
				8A10E00D2FB0000000000001 /* Release */,
			);
			defaultConfigurationIsVisible = 0;
			defaultConfigurationName = Release;
		};
/* End XCConfigurationList section */

/* Begin XCRemoteSwiftPackageReference section */
		74100D552FAB9EED00CFBC47 /* XCRemoteSwiftPackageReference "convex-swift" */ = {
			isa = XCRemoteSwiftPackageReference;
			repositoryURL = "https://github.com/get-convex/convex-swift.git";
			requirement = {
				kind = upToNextMajorVersion;
				minimumVersion = 0.8.1;
			};
		};
/* End XCRemoteSwiftPackageReference section */

/* Begin XCSwiftPackageProductDependency section */
		74100D562FAB9EED00CFBC47 /* ConvexMobile */ = {
			isa = XCSwiftPackageProductDependency;
			package = 74100D552FAB9EED00CFBC47 /* XCRemoteSwiftPackageReference "convex-swift" */;
			productName = ConvexMobile;
		};
/* End XCSwiftPackageProductDependency section */
	};
	rootObject = 74100D212FAB9EEA00CFBC47 /* Project object */;
}
